
Microsoft Visual Studio Solution File, Format Version 12.00
# Visual Studio Version 17
VisualStudioVersion = 17.13.35825.156 d17.13
MinimumVisualStudioVersion = 10.0.40219.1
Project("{FAE04EC0-301F-11D3-BF4B-00C04F79EFBC}") = "ConsoleProject_study", "ConsoleProject_study\ConsoleProject_study.csproj", "{4F55D883-9F7E-4CCF-A50F-F99487248113}"
EndProject
Global
	GlobalSection(SolutionConfigurationPlatforms) = preSolution
		Debug|Any CPU = Debug|Any CPU
		Release|Any CPU = Release|Any CPU
	EndGlobalSection
	GlobalSection(ProjectConfigurationPlatforms) = postSolution
		{4F55D883-9F7E-4CCF-A50F-F99487248113}.Debug|Any CPU.ActiveCfg = Debug|Any CPU
		{4F55D883-9F7E-4CCF-A50F-F99487248113}.Debug|Any CPU.Build.0 = Debug|Any CPU
		{4F55D883-9F7E-4CCF-A50F-F99487248113}.Release|Any CPU.ActiveCfg = Release|Any CPU
		{4F55D883-9F7E-4CCF-A50F-F99487248113}.Release|Any CPU.Build.0 = Release|Any CPU
	EndGlobalSection
	GlobalSection(SolutionProperties) = preSolution
		HideSolutionNode = FALSE
	EndGlobalSection
	GlobalSection(ExtensibilityGlobals) = postSolution
		SolutionGuid = {6DB10B0B-36FC-454A-A3A6-2A7D14FABDC2}
	EndGlobalSection
EndGlobal
